// !$*UTF8*$!
{
	archiveVersion = 1;
	classes = {
	};
	objectVersion = 48;
	objects = {

/* Begin PBXBuildFile section */
		1DD0295648C27BE7B378C6FC /* Pods_ReviewerAPI.framework in Frameworks */ = {isa = PBXBuildFile; fileRef = 23124C8FA604C278191DC618 /* Pods_ReviewerAPI.framework */; };
		6B0D256A1F8D5FA400F147C0 /* Main.storyboard in Resources */ = {isa = PBXBuildFile; fileRef = 6B0D25681F8D5FA400F147C0 /* Main.storyboard */; };
		6B37318E1F82A20B00747FD7 /* ApplicantEval.swift in Sources */ = {isa = PBXBuildFile; fileRef = 6B37318D1F82A20B00747FD7 /* ApplicantEval.swift */; };
		6BE0D1861F7C815900575242 /* AppDelegate.swift in Sources */ = {isa = PBXBuildFile; fileRef = 6BE0D1851F7C815900575242 /* AppDelegate.swift */; };
		6BE0D1881F7C815900575242 /* ViewController.swift in Sources */ = {isa = PBXBuildFile; fileRef = 6BE0D1871F7C815900575242 /* ViewController.swift */; };
		6BE0D18E1F7C815900575242 /* ReviewerAPI.xcdatamodeld in Sources */ = {isa = PBXBuildFile; fileRef = 6BE0D18C1F7C815900575242 /* ReviewerAPI.xcdatamodeld */; };
		6BE0D1901F7C815900575242 /* Assets.xcassets in Resources */ = {isa = PBXBuildFile; fileRef = 6BE0D18F1F7C815900575242 /* Assets.xcassets */; };
		6BE0D1931F7C815900575242 /* LaunchScreen.storyboard in Resources */ = {isa = PBXBuildFile; fileRef = 6BE0D1911F7C815900575242 /* LaunchScreen.storyboard */; };
/* End PBXBuildFile section */

/* Begin PBXFileReference section */
		05E5C1535BCAD7D737CE902C /* Pods-ReviewerAPI.release.xcconfig */ = {isa = PBXFileReference; includeInIndex = 1; lastKnownFileType = text.xcconfig; name = "Pods-ReviewerAPI.release.xcconfig"; path = "Pods/Target Support Files/Pods-ReviewerAPI/Pods-ReviewerAPI.release.xcconfig"; sourceTree = "<group>"; };
		23124C8FA604C278191DC618 /* Pods_ReviewerAPI.framework */ = {isa = PBXFileReference; explicitFileType = wrapper.framework; includeInIndex = 0; path = Pods_ReviewerAPI.framework; sourceTree = BUILT_PRODUCTS_DIR; };
		65C709B02D308282BB03E5F1 /* Pods_ReviewerAPIUITests.framework */ = {isa = PBXFileReference; explicitFileType = wrapper.framework; includeInIndex = 0; path = Pods_ReviewerAPIUITests.framework; sourceTree = BUILT_PRODUCTS_DIR; };
		6B0D25691F8D5FA400F147C0 /* Base */ = {isa = PBXFileReference; lastKnownFileType = file.storyboard; name = Base; path = Base.lproj/Main.storyboard; sourceTree = "<group>"; };
		6B37318D1F82A20B00747FD7 /* ApplicantEval.swift */ = {isa = PBXFileReference; fileEncoding = 4; lastKnownFileType = sourcecode.swift; path = ApplicantEval.swift; sourceTree = "<group>"; };
		6BE0D1821F7C815900575242 /* ReviewerAPI.app */ = {isa = PBXFileReference; explicitFileType = wrapper.application; includeInIndex = 0; path = ReviewerAPI.app; sourceTree = BUILT_PRODUCTS_DIR; };
		6BE0D1851F7C815900575242 /* AppDelegate.swift */ = {isa = PBXFileReference; lastKnownFileType = sourcecode.swift; path = AppDelegate.swift; sourceTree = "<group>"; };
		6BE0D1871F7C815900575242 /* ViewController.swift */ = {isa = PBXFileReference; lastKnownFileType = sourcecode.swift; path = ViewController.swift; sourceTree = "<group>"; };
		6BE0D18D1F7C815900575242 /* ReviewerAPI.xcdatamodel */ = {isa = PBXFileReference; lastKnownFileType = wrapper.xcdatamodel; path = ReviewerAPI.xcdatamodel; sourceTree = "<group>"; };
		6BE0D18F1F7C815900575242 /* Assets.xcassets */ = {isa = PBXFileReference; lastKnownFileType = folder.assetcatalog; path = Assets.xcassets; sourceTree = "<group>"; };
		6BE0D1921F7C815900575242 /* Base */ = {isa = PBXFileReference; lastKnownFileType = file.storyboard; name = Base; path = Base.lproj/LaunchScreen.storyboard; sourceTree = "<group>"; };
		6BE0D1941F7C815900575242 /* Info.plist */ = {isa = PBXFileReference; lastKnownFileType = text.plist.xml; path = Info.plist; sourceTree = "<group>"; };
		B208BD176A342C2643661B5B /* Pods-ReviewerAPI.debug.xcconfig */ = {isa = PBXFileReference; includeInIndex = 1; lastKnownFileType = text.xcconfig; name = "Pods-ReviewerAPI.debug.xcconfig"; path = "Pods/Target Support Files/Pods-ReviewerAPI/Pods-ReviewerAPI.debug.xcconfig"; sourceTree = "<group>"; };
		C16870B6624AA11835042B02 /* Pods-ReviewerAPIUITests.debug.xcconfig */ = {isa = PBXFileReference; includeInIndex = 1; lastKnownFileType = text.xcconfig; name = "Pods-ReviewerAPIUITests.debug.xcconfig"; path = "Pods/Target Support Files/Pods-ReviewerAPIUITests/Pods-ReviewerAPIUITests.debug.xcconfig"; sourceTree = "<group>"; };
		C59AFFEBEC681B9B88039DCA /* Pods-ReviewerAPIUITests.release.xcconfig */ = {isa = PBXFileReference; includeInIndex = 1; lastKnownFileType = text.xcconfig; name = "Pods-ReviewerAPIUITests.release.xcconfig"; path = "Pods/Target Support Files/Pods-ReviewerAPIUITests/Pods-ReviewerAPIUITests.release.xcconfig"; sourceTree = "<group>"; };
		F66369B74B662AB92802D305 /* Pods_ReviewerAPITests.framework */ = {isa = PBXFileReference; explicitFileType = wrapper.framework; includeInIndex = 0; path = Pods_ReviewerAPITests.framework; sourceTree = BUILT_PRODUCTS_DIR; };
/* End PBXFileReference section */

/* Begin PBXFrameworksBuildPhase section */
		6BE0D17F1F7C815900575242 /* Frameworks */ = {
			isa = PBXFrameworksBuildPhase;
			buildActionMask = 2147483647;
			files = (
				1DD0295648C27BE7B378C6FC /* Pods_ReviewerAPI.framework in Frameworks */,
			);
			runOnlyForDeploymentPostprocessing = 0;
		};
/* End PBXFrameworksBuildPhase section */

/* Begin PBXGroup section */
		1D112AE72B8BAF1A32895713 /* Pods */ = {
			isa = PBXGroup;
			children = (
				B208BD176A342C2643661B5B /* Pods-ReviewerAPI.debug.xcconfig */,
				05E5C1535BCAD7D737CE902C /* Pods-ReviewerAPI.release.xcconfig */,
				C16870B6624AA11835042B02 /* Pods-ReviewerAPIUITests.debug.xcconfig */,
				C59AFFEBEC681B9B88039DCA /* Pods-ReviewerAPIUITests.release.xcconfig */,
			);
			name = Pods;
			sourceTree = "<group>";
		};
		6BE0D1791F7C815900575242 = {
			isa = PBXGroup;
			children = (
				6BE0D1841F7C815900575242 /* ReviewerAPI */,
				6BE0D1831F7C815900575242 /* Products */,
				1D112AE72B8BAF1A32895713 /* Pods */,
				8037019CCE65E089EADEFB18 /* Frameworks */,
			);
			sourceTree = "<group>";
		};
		6BE0D1831F7C815900575242 /* Products */ = {
			isa = PBXGroup;
			children = (
				6BE0D1821F7C815900575242 /* ReviewerAPI.app */,
			);
			name = Products;
			sourceTree = "<group>";
		};
		6BE0D1841F7C815900575242 /* ReviewerAPI */ = {
			isa = PBXGroup;
			children = (
				6B0D25681F8D5FA400F147C0 /* Main.storyboard */,
				6BE0D1851F7C815900575242 /* AppDelegate.swift */,
				6BE0D1871F7C815900575242 /* ViewController.swift */,
				6BE0D18F1F7C815900575242 /* Assets.xcassets */,
				6BE0D1911F7C815900575242 /* LaunchScreen.storyboard */,
				6BE0D1941F7C815900575242 /* Info.plist */,
				6BE0D18C1F7C815900575242 /* ReviewerAPI.xcdatamodeld */,
				6B37318D1F82A20B00747FD7 /* ApplicantEval.swift */,
			);
			path = ReviewerAPI;
			sourceTree = "<group>";
		};
		8037019CCE65E089EADEFB18 /* Frameworks */ = {
			isa = PBXGroup;
			children = (
				23124C8FA604C278191DC618 /* Pods_ReviewerAPI.framework */,
				F66369B74B662AB92802D305 /* Pods_ReviewerAPITests.framework */,
				65C709B02D308282BB03E5F1 /* Pods_ReviewerAPIUITests.framework */,
			);
			name = Frameworks;
			sourceTree = "<group>";
		};
/* End PBXGroup section */

/* Begin PBXNativeTarget section */
		6BE0D1811F7C815900575242 /* ReviewerAPI */ = {
			isa = PBXNativeTarget;
			buildConfigurationList = 6BE0D1AD1F7C815900575242 /* Build configuration list for PBXNativeTarget "ReviewerAPI" */;
			buildPhases = (
				8C0612F447F8FCB7DDF06540 /* [CP] Check Pods Manifest.lock */,
				6BE0D17E1F7C815900575242 /* Sources */,
				6BE0D17F1F7C815900575242 /* Frameworks */,
				6BE0D1801F7C815900575242 /* Resources */,
				4E66977FEC2CAB9AADB92FD9 /* [CP] Embed Pods Frameworks */,
				A0C96FDFCE39AD9D60C9B372 /* [CP] Copy Pods Resources */,
			);
			buildRules = (
			);
			dependencies = (
			);
			name = ReviewerAPI;
			productName = ReviewerAPI;
			productReference = 6BE0D1821F7C815900575242 /* ReviewerAPI.app */;
			productType = "com.apple.product-type.application";
		};
/* End PBXNativeTarget section */

/* Begin PBXProject section */
		6BE0D17A1F7C815900575242 /* Project object */ = {
			isa = PBXProject;
			attributes = {
				LastSwiftUpdateCheck = 0830;
				LastUpgradeCheck = 0830;
				ORGANIZATIONNAME = "Maedchen Oakes Prod";
				TargetAttributes = {
					6BE0D1811F7C815900575242 = {
						CreatedOnToolsVersion = 8.3.3;
						DevelopmentTeam = S6GJ2KNSNR;
						ProvisioningStyle = Automatic;
					};
				};
			};
			buildConfigurationList = 6BE0D17D1F7C815900575242 /* Build configuration list for PBXProject "ReviewerAPI" */;
			compatibilityVersion = "Xcode 8.0";
			developmentRegion = English;
			hasScannedForEncodings = 0;
			knownRegions = (
				en,
				Base,
			);
			mainGroup = 6BE0D1791F7C815900575242;
			productRefGroup = 6BE0D1831F7C815900575242 /* Products */;
			projectDirPath = "";
			projectRoot = "";
			targets = (
				6BE0D1811F7C815900575242 /* ReviewerAPI */,
			);
		};
/* End PBXProject section */

/* Begin PBXResourcesBuildPhase section */
		6BE0D1801F7C815900575242 /* Resources */ = {
			isa = PBXResourcesBuildPhase;
			buildActionMask = 2147483647;
			files = (
				6B0D256A1F8D5FA400F147C0 /* Main.storyboard in Resources */,
				6BE0D1931F7C815900575242 /* LaunchScreen.storyboard in Resources */,
				6BE0D1901F7C815900575242 /* Assets.xcassets in Resources */,
			);
			runOnlyForDeploymentPostprocessing = 0;
		};
/* End PBXResourcesBuildPhase section */

/* Begin PBXShellScriptBuildPhase section */
		4E66977FEC2CAB9AADB92FD9 /* [CP] Embed Pods Frameworks */ = {
			isa = PBXShellScriptBuildPhase;
			buildActionMask = 2147483647;
			files = (
			);
			inputPaths = (
				"${SRCROOT}/Pods/Target Support Files/Pods-ReviewerAPI/Pods-ReviewerAPI-frameworks.sh",
				"${BUILT_PRODUCTS_DIR}/Alamofire/Alamofire.framework",
			);
			name = "[CP] Embed Pods Frameworks";
			outputPaths = (
				"${TARGET_BUILD_DIR}/${FRAMEWORKS_FOLDER_PATH}/Alamofire.framework",
			);
			runOnlyForDeploymentPostprocessing = 0;
			shellPath = /bin/sh;
			shellScript = "\"${SRCROOT}/Pods/Target Support Files/Pods-ReviewerAPI/Pods-ReviewerAPI-frameworks.sh\"\n";
			showEnvVarsInLog = 0;
		};
		8C0612F447F8FCB7DDF06540 /* [CP] Check Pods Manifest.lock */ = {
			isa = PBXShellScriptBuildPhase;
			buildActionMask = 2147483647;
			files = (
			);
			inputPaths = (
				"${PODS_PODFILE_DIR_PATH}/Podfile.lock",
				"${PODS_ROOT}/Manifest.lock",
			);
			name = "[CP] Check Pods Manifest.lock";
			outputPaths = (
				"$(DERIVED_FILE_DIR)/Pods-ReviewerAPI-checkManifestLockResult.txt",
			);
			runOnlyForDeploymentPostprocessing = 0;
			shellPath = /bin/sh;
			shellScript = "diff \"${PODS_PODFILE_DIR_PATH}/Podfile.lock\" \"${PODS_ROOT}/Manifest.lock\" > /dev/null\nif [ $? != 0 ] ; then\n    # print error to STDERR\n    echo \"error: The sandbox is not in sync with the Podfile.lock. Run 'pod install' or update your CocoaPods installation.\" >&2\n    exit 1\nfi\n# This output is used by Xcode 'outputs' to avoid re-running this script phase.\necho \"SUCCESS\" > \"${SCRIPT_OUTPUT_FILE_0}\"\n";
			showEnvVarsInLog = 0;
		};
		A0C96FDFCE39AD9D60C9B372 /* [CP] Copy Pods Resources */ = {
			isa = PBXShellScriptBuildPhase;
			buildActionMask = 2147483647;
			files = (
			);
			inputPaths = (
			);
			name = "[CP] Copy Pods Resources";
			outputPaths = (
			);
			runOnlyForDeploymentPostprocessing = 0;
			shellPath = /bin/sh;
			shellScript = "\"${SRCROOT}/Pods/Target Support Files/Pods-ReviewerAPI/Pods-ReviewerAPI-resources.sh\"\n";
			showEnvVarsInLog = 0;
		};
/* End PBXShellScriptBuildPhase section */

/* Begin PBXSourcesBuildPhase section */
		6BE0D17E1F7C815900575242 /* Sources */ = {
			isa = PBXSourcesBuildPhase;
			buildActionMask = 2147483647;
			files = (
				6BE0D1881F7C815900575242 /* ViewController.swift in Sources */,
				6BE0D1861F7C815900575242 /* AppDelegate.swift in Sources */,
				6BE0D18E1F7C815900575242 /* ReviewerAPI.xcdatamodeld in Sources */,
				6B37318E1F82A20B00747FD7 /* ApplicantEval.swift in Sources */,
			);
			runOnlyForDeploymentPostprocessing = 0;
		};
/* End PBXSourcesBuildPhase section */

/* Begin PBXVariantGroup section */
		6B0D25681F8D5FA400F147C0 /* Main.storyboard */ = {
			isa = PBXVariantGroup;
			children = (
				6B0D25691F8D5FA400F147C0 /* Base */,
			);
			name = Main.storyboard;
			sourceTree = "<group>";
		};
		6BE0D1911F7C815900575242 /* LaunchScreen.storyboard */ = {
			isa = PBXVariantGroup;
			children = (
				6BE0D1921F7C815900575242 /* Base */,
			);
			name = LaunchScreen.storyboard;
			sourceTree = "<group>";
		};
/* End PBXVariantGroup section */

/* Begin XCBuildConfiguration section */
		6BE0D1AB1F7C815900575242 /* Debug */ = {
			isa = XCBuildConfiguration;
			buildSettings = {
				ALWAYS_SEARCH_USER_PATHS = NO;
				CLANG_ANALYZER_NONNULL = YES;
				CLANG_ANALYZER_NUMBER_OBJECT_CONVERSION = YES_AGGRESSIVE;
				CLANG_CXX_LANGUAGE_STANDARD = "gnu++0x";
				CLANG_CXX_LIBRARY = "libc++";
				CLANG_ENABLE_MODULES = YES;
				CLANG_ENABLE_OBJC_ARC = YES;
				CLANG_WARN_BOOL_CONVERSION = YES;
				CLANG_WARN_CONSTANT_CONVERSION = YES;
				CLANG_WARN_DIRECT_OBJC_ISA_USAGE = YES_ERROR;
				CLANG_WARN_DOCUMENTATION_COMMENTS = YES;
				CLANG_WARN_EMPTY_BODY = YES;
				CLANG_WARN_ENUM_CONVERSION = YES;
				CLANG_WARN_INFINITE_RECURSION = YES;
				CLANG_WARN_INT_CONVERSION = YES;
				CLANG_WARN_OBJC_ROOT_CLASS = YES_ERROR;
				CLANG_WARN_SUSPICIOUS_MOVE = YES;
				CLANG_WARN_UNREACHABLE_CODE = YES;
				CLANG_WARN__DUPLICATE_METHOD_MATCH = YES;
				"CODE_SIGN_IDENTITY[sdk=iphoneos*]" = "iPhone Developer";
				COPY_PHASE_STRIP = NO;
				DEBUG_INFORMATION_FORMAT = dwarf;
				ENABLE_STRICT_OBJC_MSGSEND = YES;
				ENABLE_TESTABILITY = YES;
				GCC_C_LANGUAGE_STANDARD = gnu99;
				GCC_DYNAMIC_NO_PIC = NO;
				GCC_NO_COMMON_BLOCKS = YES;
				GCC_OPTIMIZATION_LEVEL = 0;
				GCC_PREPROCESSOR_DEFINITIONS = (
					"DEBUG=1",
					"$(inherited)",
				);
				GCC_WARN_64_TO_32_BIT_CONVERSION = YES;
				GCC_WARN_ABOUT_RETURN_TYPE = YES_ERROR;
				GCC_WARN_UNDECLARED_SELECTOR = YES;
				GCC_WARN_UNINITIALIZED_AUTOS = YES_AGGRESSIVE;
				GCC_WARN_UNUSED_FUNCTION = YES;
				GCC_WARN_UNUSED_VARIABLE = YES;
				IPHONEOS_DEPLOYMENT_TARGET = 10.3;
				MTL_ENABLE_DEBUG_INFO = YES;
				ONLY_ACTIVE_ARCH = YES;
				SDKROOT = iphoneos;
				SWIFT_ACTIVE_COMPILATION_CONDITIONS = DEBUG;
				SWIFT_OPTIMIZATION_LEVEL = "-Onone";
				TARGETED_DEVICE_FAMILY = "1,2";
			};
			name = Debug;
		};
		6BE0D1AC1F7C815900575242 /* Release */ = {
			isa = XCBuildConfiguration;
			buildSettings = {
				ALWAYS_SEARCH_USER_PATHS = NO;
				CLANG_ANALYZER_NONNULL = YES;
				CLANG_ANALYZER_NUMBER_OBJECT_CONVERSION = YES_AGGRESSIVE;
				CLANG_CXX_LANGUAGE_STANDARD = "gnu++0x";
				CLANG_CXX_LIBRARY = "libc++";
				CLANG_ENABLE_MODULES = YES;
				CLANG_ENABLE_OBJC_ARC = YES;
				CLANG_WARN_BOOL_CONVERSION = YES;
				CLANG_WARN_CONSTANT_CONVERSION = YES;
				CLANG_WARN_DIRECT_OBJC_ISA_USAGE = YES_ERROR;
				CLANG_WARN_DOCUMENTATION_COMMENTS = YES;
				CLANG_WARN_EMPTY_BODY = YES;
				CLANG_WARN_ENUM_CONVERSION = YES;
				CLANG_WARN_INFINITE_RECURSION = YES;
				CLANG_WARN_INT_CONVERSION = YES;
				CLANG_WARN_OBJC_ROOT_CLASS = YES_ERROR;
				CLANG_WARN_SUSPICIOUS_MOVE = YES;
				CLANG_WARN_UNREACHABLE_CODE = YES;
				CLANG_WARN__DUPLICATE_METHOD_MATCH = YES;
				"CODE_SIGN_IDENTITY[sdk=iphoneos*]" = "iPhone Developer";
				COPY_PHASE_STRIP = NO;
				DEBUG_INFORMATION_FORMAT = "dwarf-with-dsym";
				ENABLE_NS_ASSERTIONS = NO;
				ENABLE_STRICT_OBJC_MSGSEND = YES;
				GCC_C_LANGUAGE_STANDARD = gnu99;
				GCC_NO_COMMON_BLOCKS = YES;
				GCC_WARN_64_TO_32_BIT_CONVERSION = YES;
				GCC_WARN_ABOUT_RETURN_TYPE = YES_ERROR;
				GCC_WARN_UNDECLARED_SELECTOR = YES;
				GCC_WARN_UNINITIALIZED_AUTOS = YES_AGGRESSIVE;
				GCC_WARN_UNUSED_FUNCTION = YES;
				GCC_WARN_UNUSED_VARIABLE = YES;
				IPHONEOS_DEPLOYMENT_TARGET = 10.3;
				MTL_ENABLE_DEBUG_INFO = NO;
				SDKROOT = iphoneos;
				SWIFT_OPTIMIZATION_LEVEL = "-Owholemodule";
				TARGETED_DEVICE_FAMILY = "1,2";
				VALIDATE_PRODUCT = YES;
			};
			name = Release;
		};
		6BE0D1AE1F7C815900575242 /* Debug */ = {
			isa = XCBuildConfiguration;
			baseConfigurationReference = B208BD176A342C2643661B5B /* Pods-ReviewerAPI.debug.xcconfig */;
			buildSettings = {
				ASSETCATALOG_COMPILER_APPICON_NAME = AppIcon;
				DEVELOPMENT_TEAM = S6GJ2KNSNR;
				FRAMEWORK_SEARCH_PATHS = (
					"$(inherited)",
					"\"$PODS_CONFIGURATION_BUILD_DIR/Alamofire\"",
				);
				INFOPLIST_FILE = ReviewerAPI/Info.plist;
				IPHONEOS_DEPLOYMENT_TARGET = 10.3;
				LD_MAP_FILE_PATH = "$(TARGET_TEMP_DIR)/$(PRODUCT_NAME)-LinkMap-$(CURRENT_VARIANT)-$(CURRENT_ARCH).txt";
				LD_RUNPATH_SEARCH_PATHS = "$(inherited) @executable_path/Frameworks";
				PRODUCT_BUNDLE_IDENTIFIER = com.chris.ReviewerAPI;
				PRODUCT_NAME = "$(TARGET_NAME)";
				SWIFT_VERSION = 3.0;
				TARGETED_DEVICE_FAMILY = "1,2";
			};
			name = Debug;
		};
		6BE0D1AF1F7C815900575242 /* Release */ = {
			isa = XCBuildConfiguration;
			baseConfigurationReference = 05E5C1535BCAD7D737CE902C /* Pods-ReviewerAPI.release.xcconfig */;
			buildSettings = {
				ASSETCATALOG_COMPILER_APPICON_NAME = AppIcon;
				DEVELOPMENT_TEAM = S6GJ2KNSNR;
				FRAMEWORK_SEARCH_PATHS = (
					"$(inherited)",
					"\"$PODS_CONFIGURATION_BUILD_DIR/Alamofire\"",
				);
				INFOPLIST_FILE = ReviewerAPI/Info.plist;
				IPHONEOS_DEPLOYMENT_TARGET = 10.3;
				LD_MAP_FILE_PATH = "$(TARGET_TEMP_DIR)/$(PRODUCT_NAME)-LinkMap-$(CURRENT_VARIANT)-$(CURRENT_ARCH).txt";
				LD_RUNPATH_SEARCH_PATHS = "$(inherited) @executable_path/Frameworks";
				PRODUCT_BUNDLE_IDENTIFIER = com.chris.ReviewerAPI;
				PRODUCT_NAME = "$(TARGET_NAME)";
				SWIFT_VERSION = 3.0;
				TARGETED_DEVICE_FAMILY = "1,2";
			};
			name = Release;
		};
/* End XCBuildConfiguration section */

/* Begin XCConfigurationList section */
		6BE0D17D1F7C815900575242 /* Build configuration list for PBXProject "ReviewerAPI" */ = {
			isa = XCConfigurationList;
			buildConfigurations = (
				6BE0D1AB1F7C815900575242 /* Debug */,
				6BE0D1AC1F7C815900575242 /* Release */,
			);
			defaultConfigurationIsVisible = 0;
			defaultConfigurationName = Release;
		};
		6BE0D1AD1F7C815900575242 /* Build configuration list for PBXNativeTarget "ReviewerAPI" */ = {
			isa = XCConfigurationList;
			buildConfigurations = (
				6BE0D1AE1F7C815900575242 /* Debug */,
				6BE0D1AF1F7C815900575242 /* Release */,
			);
			defaultConfigurationIsVisible = 0;
			defaultConfigurationName = Release;
		};
/* End XCConfigurationList section */

/* Begin XCVersionGroup section */
		6BE0D18C1F7C815900575242 /* ReviewerAPI.xcdatamodeld */ = {
			isa = XCVersionGroup;
			children = (
				6BE0D18D1F7C815900575242 /* ReviewerAPI.xcdatamodel */,
			);
			currentVersion = 6BE0D18D1F7C815900575242 /* ReviewerAPI.xcdatamodel */;
			path = ReviewerAPI.xcdatamodeld;
			sourceTree = "<group>";
			versionGroupType = wrapper.xcdatamodel;
		};
/* End XCVersionGroup section */
	};
	rootObject = 6BE0D17A1F7C815900575242 /* Project object */;
}
